// !$*UTF8*$!
{
	archiveVersion = 1;
	classes = {
	};
	objectVersion = 55;
	objects = {

/* Begin PBXBuildFile section */
		693D27322BC18FB00082F5C1 /* AppDelegate.m in Sources */ = {isa = PBXBuildFile; fileRef = 693D27312BC18FB00082F5C1 /* AppDelegate.m */; };
		693D27352BC18FB00082F5C1 /* SceneDelegate.m in Sources */ = {isa = PBXBuildFile; fileRef = 693D27342BC18FB00082F5C1 /* SceneDelegate.m */; };
		693D27382BC18FB00082F5C1 /* ViewController.m in Sources */ = {isa = PBXBuildFile; fileRef = 693D27372BC18FB00082F5C1 /* ViewController.m */; };
		693D273B2BC18FB00082F5C1 /* Main.storyboard in Resources */ = {isa = PBXBuildFile; fileRef = 693D27392BC18FB00082F5C1 /* Main.storyboard */; };
		693D273D2BC18FB10082F5C1 /* Assets.xcassets in Resources */ = {isa = PBXBuildFile; fileRef = 693D273C2BC18FB10082F5C1 /* Assets.xcassets */; };
		693D27402BC18FB10082F5C1 /* LaunchScreen.storyboard in Resources */ = {isa = PBXBuildFile; fileRef = 693D273E2BC18FB10082F5C1 /* LaunchScreen.storyboard */; };
		693D27432BC18FB10082F5C1 /* main.m in Sources */ = {isa = PBXBuildFile; fileRef = 693D27422BC18FB10082F5C1 /* main.m */; };
		693D274C2BC190F00082F5C1 /* DMPageControl.m in Sources */ = {isa = PBXBuildFile; fileRef = 693D274B2BC190F00082F5C1 /* DMPageControl.m */; };
/* End PBXBuildFile section */

/* Begin PBXFileReference section */
		693D272D2BC18FB00082F5C1 /* DMCommonKit.app */ = {isa = PBXFileReference; explicitFileType = wrapper.application; includeInIndex = 0; path = DMCommonKit.app; sourceTree = BUILT_PRODUCTS_DIR; };
		693D27302BC18FB00082F5C1 /* AppDelegate.h */ = {isa = PBXFileReference; lastKnownFileType = sourcecode.c.h; path = AppDelegate.h; sourceTree = "<group>"; };
		693D27312BC18FB00082F5C1 /* AppDelegate.m */ = {isa = PBXFileReference; lastKnownFileType = sourcecode.c.objc; path = AppDelegate.m; sourceTree = "<group>"; };
		693D27332BC18FB00082F5C1 /* SceneDelegate.h */ = {isa = PBXFileReference; lastKnownFileType = sourcecode.c.h; path = SceneDelegate.h; sourceTree = "<group>"; };
		693D27342BC18FB00082F5C1 /* SceneDelegate.m */ = {isa = PBXFileReference; lastKnownFileType = sourcecode.c.objc; path = SceneDelegate.m; sourceTree = "<group>"; };
		693D27362BC18FB00082F5C1 /* ViewController.h */ = {isa = PBXFileReference; lastKnownFileType = sourcecode.c.h; path = ViewController.h; sourceTree = "<group>"; };
		693D27372BC18FB00082F5C1 /* ViewController.m */ = {isa = PBXFileReference; lastKnownFileType = sourcecode.c.objc; path = ViewController.m; sourceTree = "<group>"; };
		693D273A2BC18FB00082F5C1 /* Base */ = {isa = PBXFileReference; lastKnownFileType = file.storyboard; name = Base; path = Base.lproj/Main.storyboard; sourceTree = "<group>"; };
		693D273C2BC18FB10082F5C1 /* Assets.xcassets */ = {isa = PBXFileReference; lastKnownFileType = folder.assetcatalog; path = Assets.xcassets; sourceTree = "<group>"; };
		693D273F2BC18FB10082F5C1 /* Base */ = {isa = PBXFileReference; lastKnownFileType = file.storyboard; name = Base; path = Base.lproj/LaunchScreen.storyboard; sourceTree = "<group>"; };
		693D27412BC18FB10082F5C1 /* Info.plist */ = {isa = PBXFileReference; lastKnownFileType = text.plist.xml; path = Info.plist; sourceTree = "<group>"; };
		693D27422BC18FB10082F5C1 /* main.m */ = {isa = PBXFileReference; lastKnownFileType = sourcecode.c.objc; path = main.m; sourceTree = "<group>"; };
		693D274A2BC190F00082F5C1 /* DMPageControl.h */ = {isa = PBXFileReference; lastKnownFileType = sourcecode.c.h; path = DMPageControl.h; sourceTree = "<group>"; };
		693D274B2BC190F00082F5C1 /* DMPageControl.m */ = {isa = PBXFileReference; lastKnownFileType = sourcecode.c.objc; path = DMPageControl.m; sourceTree = "<group>"; };
/* End PBXFileReference section */

/* Begin PBXFrameworksBuildPhase section */
		693D272A2BC18FB00082F5C1 /* Frameworks */ = {
			isa = PBXFrameworksBuildPhase;
			buildActionMask = 2147483647;
			files = (
			);
			runOnlyForDeploymentPostprocessing = 0;
		};
/* End PBXFrameworksBuildPhase section */

/* Begin PBXGroup section */
		693D27242BC18FB00082F5C1 = {
			isa = PBXGroup;
			children = (
				693D272F2BC18FB00082F5C1 /* DMCommonKit */,
				693D272E2BC18FB00082F5C1 /* Products */,
			);
			sourceTree = "<group>";
		};
		693D272E2BC18FB00082F5C1 /* Products */ = {
			isa = PBXGroup;
			children = (
				693D272D2BC18FB00082F5C1 /* DMCommonKit.app */,
			);
			name = Products;
			sourceTree = "<group>";
		};
		693D272F2BC18FB00082F5C1 /* DMCommonKit */ = {
			isa = PBXGroup;
			children = (
				693D27302BC18FB00082F5C1 /* AppDelegate.h */,
				693D27312BC18FB00082F5C1 /* AppDelegate.m */,
				693D27332BC18FB00082F5C1 /* SceneDelegate.h */,
				693D27342BC18FB00082F5C1 /* SceneDelegate.m */,
				693D27362BC18FB00082F5C1 /* ViewController.h */,
				693D27372BC18FB00082F5C1 /* ViewController.m */,
				693D27492BC190E10082F5C1 /* DMCommonView */,
				693D27392BC18FB00082F5C1 /* Main.storyboard */,
				693D273C2BC18FB10082F5C1 /* Assets.xcassets */,
				693D273E2BC18FB10082F5C1 /* LaunchScreen.storyboard */,
				693D27412BC18FB10082F5C1 /* Info.plist */,
				693D27422BC18FB10082F5C1 /* main.m */,
			);
			path = DMCommonKit;
			sourceTree = "<group>";
		};
		693D27492BC190E10082F5C1 /* DMCommonView */ = {
			isa = PBXGroup;
			children = (
				693D274A2BC190F00082F5C1 /* DMPageControl.h */,
				693D274B2BC190F00082F5C1 /* DMPageControl.m */,
			);
			path = DMCommonView;
			sourceTree = "<group>";
		};
/* End PBXGroup section */

/* Begin PBXNativeTarget section */
		693D272C2BC18FB00082F5C1 /* DMCommonKit */ = {
			isa = PBXNativeTarget;
			buildConfigurationList = 693D27462BC18FB10082F5C1 /* Build configuration list for PBXNativeTarget "DMCommonKit" */;
			buildPhases = (
				693D27292BC18FB00082F5C1 /* Sources */,
				693D272A2BC18FB00082F5C1 /* Frameworks */,
				693D272B2BC18FB00082F5C1 /* Resources */,
			);
			buildRules = (
			);
			dependencies = (
			);
			name = DMCommonKit;
			productName = DMCommonKit;
			productReference = 693D272D2BC18FB00082F5C1 /* DMCommonKit.app */;
			productType = "com.apple.product-type.application";
		};
/* End PBXNativeTarget section */

/* Begin PBXProject section */
		693D27252BC18FB00082F5C1 /* Project object */ = {
			isa = PBXProject;
			attributes = {
				BuildIndependentTargetsInParallel = 1;
				LastUpgradeCheck = 1330;
				TargetAttributes = {
					693D272C2BC18FB00082F5C1 = {
						CreatedOnToolsVersion = 13.3.1;
					};
				};
			};
			buildConfigurationList = 693D27282BC18FB00082F5C1 /* Build configuration list for PBXProject "DMCommonKit" */;
			compatibilityVersion = "Xcode 13.0";
			developmentRegion = en;
			hasScannedForEncodings = 0;
			knownRegions = (
				en,
				Base,
			);
			mainGroup = 693D27242BC18FB00082F5C1;
			productRefGroup = 693D272E2BC18FB00082F5C1 /* Products */;
			projectDirPath = "";
			projectRoot = "";
			targets = (
				693D272C2BC18FB00082F5C1 /* DMCommonKit */,
			);
		};
/* End PBXProject section */

/* Begin PBXResourcesBuildPhase section */
		693D272B2BC18FB00082F5C1 /* Resources */ = {
			isa = PBXResourcesBuildPhase;
			buildActionMask = 2147483647;
			files = (
				693D27402BC18FB10082F5C1 /* LaunchScreen.storyboard in Resources */,
				693D273D2BC18FB10082F5C1 /* Assets.xcassets in Resources */,
				693D273B2BC18FB00082F5C1 /* Main.storyboard in Resources */,
			);
			runOnlyForDeploymentPostprocessing = 0;
		};
/* End PBXResourcesBuildPhase section */

/* Begin PBXSourcesBuildPhase section */
		693D27292BC18FB00082F5C1 /* Sources */ = {
			isa = PBXSourcesBuildPhase;
			buildActionMask = 2147483647;
			files = (
				693D27382BC18FB00082F5C1 /* ViewController.m in Sources */,
				693D27322BC18FB00082F5C1 /* AppDelegate.m in Sources */,
				693D274C2BC190F00082F5C1 /* DMPageControl.m in Sources */,
				693D27432BC18FB10082F5C1 /* main.m in Sources */,
				693D27352BC18FB00082F5C1 /* SceneDelegate.m in Sources */,
			);
			runOnlyForDeploymentPostprocessing = 0;
		};
/* End PBXSourcesBuildPhase section */

/* Begin PBXVariantGroup section */
		693D27392BC18FB00082F5C1 /* Main.storyboard */ = {
			isa = PBXVariantGroup;
			children = (
				693D273A2BC18FB00082F5C1 /* Base */,
			);
			name = Main.storyboard;
			sourceTree = "<group>";
		};
		693D273E2BC18FB10082F5C1 /* LaunchScreen.storyboard */ = {
			isa = PBXVariantGroup;
			children = (
				693D273F2BC18FB10082F5C1 /* Base */,
			);
			name = LaunchScreen.storyboard;
			sourceTree = "<group>";
		};
/* End PBXVariantGroup section */

/* Begin XCBuildConfiguration section */
		693D27442BC18FB10082F5C1 /* Debug */ = {
			isa = XCBuildConfiguration;
			buildSettings = {
				ALWAYS_SEARCH_USER_PATHS = NO;
				CLANG_ANALYZER_NONNULL = YES;
				CLANG_ANALYZER_NUMBER_OBJECT_CONVERSION = YES_AGGRESSIVE;
				CLANG_CXX_LANGUAGE_STANDARD = "gnu++17";
				CLANG_ENABLE_MODULES = YES;
				CLANG_ENABLE_OBJC_ARC = YES;
				CLANG_ENABLE_OBJC_WEAK = YES;
				CLANG_WARN_BLOCK_CAPTURE_AUTORELEASING = YES;
				CLANG_WARN_BOOL_CONVERSION = YES;
				CLANG_WARN_COMMA = YES;
				CLANG_WARN_CONSTANT_CONVERSION = YES;
				CLANG_WARN_DEPRECATED_OBJC_IMPLEMENTATIONS = YES;
				CLANG_WARN_DIRECT_OBJC_ISA_USAGE = YES_ERROR;
				CLANG_WARN_DOCUMENTATION_COMMENTS = YES;
				CLANG_WARN_EMPTY_BODY = YES;
				CLANG_WARN_ENUM_CONVERSION = YES;
				CLANG_WARN_INFINITE_RECURSION = YES;
				CLANG_WARN_INT_CONVERSION = YES;
				CLANG_WARN_NON_LITERAL_NULL_CONVERSION = YES;
				CLANG_WARN_OBJC_IMPLICIT_RETAIN_SELF = YES;
				CLANG_WARN_OBJC_LITERAL_CONVERSION = YES;
				CLANG_WARN_OBJC_ROOT_CLASS = YES_ERROR;
				CLANG_WARN_QUOTED_INCLUDE_IN_FRAMEWORK_HEADER = YES;
				CLANG_WARN_RANGE_LOOP_ANALYSIS = YES;
				CLANG_WARN_STRICT_PROTOTYPES = YES;
				CLANG_WARN_SUSPICIOUS_MOVE = YES;
				CLANG_WARN_UNGUARDED_AVAILABILITY = YES_AGGRESSIVE;
				CLANG_WARN_UNREACHABLE_CODE = YES;
				CLANG_WARN__DUPLICATE_METHOD_MATCH = YES;
				COPY_PHASE_STRIP = NO;
				DEBUG_INFORMATION_FORMAT = dwarf;
				ENABLE_STRICT_OBJC_MSGSEND = YES;
				ENABLE_TESTABILITY = YES;
				GCC_C_LANGUAGE_STANDARD = gnu11;
				GCC_DYNAMIC_NO_PIC = NO;
				GCC_NO_COMMON_BLOCKS = YES;
				GCC_OPTIMIZATION_LEVEL = 0;
				GCC_PREPROCESSOR_DEFINITIONS = (
					"DEBUG=1",
					"$(inherited)",
				);
				GCC_WARN_64_TO_32_BIT_CONVERSION = YES;
				GCC_WARN_ABOUT_RETURN_TYPE = YES_ERROR;
				GCC_WARN_UNDECLARED_SELECTOR = YES;
				GCC_WARN_UNINITIALIZED_AUTOS = YES_AGGRESSIVE;
				GCC_WARN_UNUSED_FUNCTION = YES;
				GCC_WARN_UNUSED_VARIABLE = YES;
				IPHONEOS_DEPLOYMENT_TARGET = 15.4;
				MTL_ENABLE_DEBUG_INFO = INCLUDE_SOURCE;
				MTL_FAST_MATH = YES;
				ONLY_ACTIVE_ARCH = YES;
				SDKROOT = iphoneos;
			};
			name = Debug;
		};
		693D27452BC18FB10082F5C1 /* Release */ = {
			isa = XCBuildConfiguration;
			buildSettings = {
				ALWAYS_SEARCH_USER_PATHS = NO;
				CLANG_ANALYZER_NONNULL = YES;
				CLANG_ANALYZER_NUMBER_OBJECT_CONVERSION = YES_AGGRESSIVE;
				CLANG_CXX_LANGUAGE_STANDARD = "gnu++17";
				CLANG_ENABLE_MODULES = YES;
				CLANG_ENABLE_OBJC_ARC = YES;
				CLANG_ENABLE_OBJC_WEAK = YES;
				CLANG_WARN_BLOCK_CAPTURE_AUTORELEASING = YES;
				CLANG_WARN_BOOL_CONVERSION = YES;
				CLANG_WARN_COMMA = YES;
				CLANG_WARN_CONSTANT_CONVERSION = YES;
				CLANG_WARN_DEPRECATED_OBJC_IMPLEMENTATIONS = YES;
				CLANG_WARN_DIRECT_OBJC_ISA_USAGE = YES_ERROR;
				CLANG_WARN_DOCUMENTATION_COMMENTS = YES;
				CLANG_WARN_EMPTY_BODY = YES;
				CLANG_WARN_ENUM_CONVERSION = YES;
				CLANG_WARN_INFINITE_RECURSION = YES;
				CLANG_WARN_INT_CONVERSION = YES;
				CLANG_WARN_NON_LITERAL_NULL_CONVERSION = YES;
				CLANG_WARN_OBJC_IMPLICIT_RETAIN_SELF = YES;
				CLANG_WARN_OBJC_LITERAL_CONVERSION = YES;
				CLANG_WARN_OBJC_ROOT_CLASS = YES_ERROR;
				CLANG_WARN_QUOTED_INCLUDE_IN_FRAMEWORK_HEADER = YES;
				CLANG_WARN_RANGE_LOOP_ANALYSIS = YES;
				CLANG_WARN_STRICT_PROTOTYPES = YES;
				CLANG_WARN_SUSPICIOUS_MOVE = YES;
				CLANG_WARN_UNGUARDED_AVAILABILITY = YES_AGGRESSIVE;
				CLANG_WARN_UNREACHABLE_CODE = YES;
				CLANG_WARN__DUPLICATE_METHOD_MATCH = YES;
				COPY_PHASE_STRIP = NO;
				DEBUG_INFORMATION_FORMAT = "dwarf-with-dsym";
				ENABLE_NS_ASSERTIONS = NO;
				ENABLE_STRICT_OBJC_MSGSEND = YES;
				GCC_C_LANGUAGE_STANDARD = gnu11;
				GCC_NO_COMMON_BLOCKS = YES;
				GCC_WARN_64_TO_32_BIT_CONVERSION = YES;
				GCC_WARN_ABOUT_RETURN_TYPE = YES_ERROR;
				GCC_WARN_UNDECLARED_SELECTOR = YES;
				GCC_WARN_UNINITIALIZED_AUTOS = YES_AGGRESSIVE;
				GCC_WARN_UNUSED_FUNCTION = YES;
				GCC_WARN_UNUSED_VARIABLE = YES;
				IPHONEOS_DEPLOYMENT_TARGET = 15.4;
				MTL_ENABLE_DEBUG_INFO = NO;
				MTL_FAST_MATH = YES;
				SDKROOT = iphoneos;
				VALIDATE_PRODUCT = YES;
			};
			name = Release;
		};
		693D27472BC18FB10082F5C1 /* Debug */ = {
			isa = XCBuildConfiguration;
			buildSettings = {
				ASSETCATALOG_COMPILER_APPICON_NAME = AppIcon;
				ASSETCATALOG_COMPILER_GLOBAL_ACCENT_COLOR_NAME = AccentColor;
				CODE_SIGN_STYLE = Automatic;
				CURRENT_PROJECT_VERSION = 1;
				GENERATE_INFOPLIST_FILE = YES;
				INFOPLIST_FILE = DMCommonKit/Info.plist;
				INFOPLIST_KEY_UIApplicationSupportsIndirectInputEvents = YES;
				INFOPLIST_KEY_UILaunchStoryboardName = LaunchScreen;
				INFOPLIST_KEY_UIMainStoryboardFile = Main;
				INFOPLIST_KEY_UISupportedInterfaceOrientations_iPad = "UIInterfaceOrientationPortrait UIInterfaceOrientationPortraitUpsideDown UIInterfaceOrientationLandscapeLeft UIInterfaceOrientationLandscapeRight";
				INFOPLIST_KEY_UISupportedInterfaceOrientations_iPhone = "UIInterfaceOrientationPortrait UIInterfaceOrientationLandscapeLeft UIInterfaceOrientationLandscapeRight";
				LD_RUNPATH_SEARCH_PATHS = (
					"$(inherited)",
					"@executable_path/Frameworks",
				);
				MARKETING_VERSION = 1.0;
				PRODUCT_BUNDLE_IDENTIFIER = com.DiMi.DMCommonKit;
				PRODUCT_NAME = "$(TARGET_NAME)";
				SWIFT_EMIT_LOC_STRINGS = YES;
				TARGETED_DEVICE_FAMILY = "1,2";
			};
			name = Debug;
		};
		693D27482BC18FB10082F5C1 /* Release */ = {
			isa = XCBuildConfiguration;
			buildSettings = {
				ASSETCATALOG_COMPILER_APPICON_NAME = AppIcon;
				ASSETCATALOG_COMPILER_GLOBAL_ACCENT_COLOR_NAME = AccentColor;
				CODE_SIGN_STYLE = Automatic;
				CURRENT_PROJECT_VERSION = 1;
				GENERATE_INFOPLIST_FILE = YES;
				INFOPLIST_FILE = DMCommonKit/Info.plist;
				INFOPLIST_KEY_UIApplicationSupportsIndirectInputEvents = YES;
				INFOPLIST_KEY_UILaunchStoryboardName = LaunchScreen;
				INFOPLIST_KEY_UIMainStoryboardFile = Main;
				INFOPLIST_KEY_UISupportedInterfaceOrientations_iPad = "UIInterfaceOrientationPortrait UIInterfaceOrientationPortraitUpsideDown UIInterfaceOrientationLandscapeLeft UIInterfaceOrientationLandscapeRight";
				INFOPLIST_KEY_UISupportedInterfaceOrientations_iPhone = "UIInterfaceOrientationPortrait UIInterfaceOrientationLandscapeLeft UIInterfaceOrientationLandscapeRight";
				LD_RUNPATH_SEARCH_PATHS = (
					"$(inherited)",
					"@executable_path/Frameworks",
				);
				MARKETING_VERSION = 1.0;
				PRODUCT_BUNDLE_IDENTIFIER = com.DiMi.DMCommonKit;
				PRODUCT_NAME = "$(TARGET_NAME)";
				SWIFT_EMIT_LOC_STRINGS = YES;
				TARGETED_DEVICE_FAMILY = "1,2";
			};
			name = Release;
		};
/* End XCBuildConfiguration section */

/* Begin XCConfigurationList section */
		693D27282BC18FB00082F5C1 /* Build configuration list for PBXProject "DMCommonKit" */ = {
			isa = XCConfigurationList;
			buildConfigurations = (
				693D27442BC18FB10082F5C1 /* Debug */,
				693D27452BC18FB10082F5C1 /* Release */,
			);
			defaultConfigurationIsVisible = 0;
			defaultConfigurationName = Release;
		};
		693D27462BC18FB10082F5C1 /* Build configuration list for PBXNativeTarget "DMCommonKit" */ = {
			isa = XCConfigurationList;
			buildConfigurations = (
				693D27472BC18FB10082F5C1 /* Debug */,
				693D27482BC18FB10082F5C1 /* Release */,
			);
			defaultConfigurationIsVisible = 0;
			defaultConfigurationName = Release;
		};
/* End XCConfigurationList section */
	};
	rootObject = 693D27252BC18FB00082F5C1 /* Project object */;
}
